{
  "pins" : [
    {
      "identity" : "swiftfp",
      "kind" : "remoteSourceControl",
      "location" : "https://github.com/ShapovalovIlya/SwiftFP.git",
      "state" : {
        "branch" : "main",
        "revision" : "f54b02f6b17f5d9ceba63b3da5c8f4b85fd3ae9c"
      }
    }
  ],
  "version" : 2
}
