{
  "pins" : [
    {
      "identity" : "swiftfp",
      "kind" : "remoteSourceControl",
      "location" : "https://github.com/ShapovalovIlya/SwiftFP.git",
      "state" : {
        "branch" : "main",
        "revision" : "1bc6218fb4835f7a4399d7d5884b492486f45945"
      }
    }
  ],
  "version" : 2
}
