{
  "pins" : [
    {
      "identity" : "swiftfp",
      "kind" : "remoteSourceControl",
      "location" : "https://github.com/ShapovalovIlya/SwiftFP.git",
      "state" : {
        "branch" : "main",
        "revision" : "8c3aa271b063097759983c5454c978986f40ad7e"
      }
    }
  ],
  "version" : 2
}
